{
  "object": {
    "pins": [
      {
        "package": "NetworkService",
        "repositoryURL": "https://github.com/pavlovskyive/network-service",
        "state": {
          "branch": null,
          "revision": "09222260ebdad848cb8d6f474333be1ac8c277f8",
          "version": "1.2.1"
        }
      }
    ]
  },
  "version": 1
}
