{
  "object": {
    "pins": [
      {
        "package": "NetworkService",
        "repositoryURL": "https://github.com/pavlovskyive/network-service",
        "state": {
          "branch": null,
          "revision": "84ab54fd077fa7749657fd458ebdc616157c0bed",
          "version": "1.0.0"
        }
      }
    ]
  },
  "version": 1
}
