{
  "object": {
    "pins": [
      {
        "package": "NetworkService",
        "repositoryURL": "https://github.com/pavlovskyive/network-service",
        "state": {
          "branch": null,
          "revision": "aa10e7165c711028cdc394e5cfd32bb1a3a3d7c8",
          "version": "1.1.1"
        }
      }
    ]
  },
  "version": 1
}
